// !$*UTF8*$!
{
	archiveVersion = 1;
	classes = {
	};
	objectVersion = 50;
	objects = {

/* Begin PBXBuildFile section */
		C51F3F6524EE524800D74925 /* AppDelegate.swift in Sources */ = {isa = PBXBuildFile; fileRef = C51F3F6424EE524800D74925 /* AppDelegate.swift */; };
		C51F3F6724EE524800D74925 /* SceneDelegate.swift in Sources */ = {isa = PBXBuildFile; fileRef = C51F3F6624EE524800D74925 /* SceneDelegate.swift */; };
		C51F3F6C24EE524800D74925 /* Main.storyboard in Resources */ = {isa = PBXBuildFile; fileRef = C51F3F6A24EE524800D74925 /* Main.storyboard */; };
		C51F3F6E24EE524900D74925 /* Assets.xcassets in Resources */ = {isa = PBXBuildFile; fileRef = C51F3F6D24EE524900D74925 /* Assets.xcassets */; };
		C51F3F7124EE524900D74925 /* LaunchScreen.storyboard in Resources */ = {isa = PBXBuildFile; fileRef = C51F3F6F24EE524900D74925 /* LaunchScreen.storyboard */; };
		C51F3F7924EECC1E00D74925 /* LoginFromController.swift in Sources */ = {isa = PBXBuildFile; fileRef = C51F3F7824EECC1E00D74925 /* LoginFromController.swift */; };
/* End PBXBuildFile section */

/* Begin PBXFileReference section */
		C51F3F6124EE524800D74925 /* VK_Fedor Maksimov.app */ = {isa = PBXFileReference; explicitFileType = wrapper.application; includeInIndex = 0; path = "VK_Fedor Maksimov.app"; sourceTree = BUILT_PRODUCTS_DIR; };
		C51F3F6424EE524800D74925 /* AppDelegate.swift */ = {isa = PBXFileReference; lastKnownFileType = sourcecode.swift; path = AppDelegate.swift; sourceTree = "<group>"; };
		C51F3F6624EE524800D74925 /* SceneDelegate.swift */ = {isa = PBXFileReference; lastKnownFileType = sourcecode.swift; path = SceneDelegate.swift; sourceTree = "<group>"; };
		C51F3F6B24EE524800D74925 /* Base */ = {isa = PBXFileReference; lastKnownFileType = file.storyboard; name = Base; path = Base.lproj/Main.storyboard; sourceTree = "<group>"; };
		C51F3F6D24EE524900D74925 /* Assets.xcassets */ = {isa = PBXFileReference; lastKnownFileType = folder.assetcatalog; path = Assets.xcassets; sourceTree = "<group>"; };
		C51F3F7024EE524900D74925 /* Base */ = {isa = PBXFileReference; lastKnownFileType = file.storyboard; name = Base; path = Base.lproj/LaunchScreen.storyboard; sourceTree = "<group>"; };
		C51F3F7224EE524900D74925 /* Info.plist */ = {isa = PBXFileReference; lastKnownFileType = text.plist.xml; path = Info.plist; sourceTree = "<group>"; };
		C51F3F7824EECC1E00D74925 /* LoginFromController.swift */ = {isa = PBXFileReference; lastKnownFileType = sourcecode.swift; path = LoginFromController.swift; sourceTree = "<group>"; };
/* End PBXFileReference section */

/* Begin PBXFrameworksBuildPhase section */
		C51F3F5E24EE524800D74925 /* Frameworks */ = {
			isa = PBXFrameworksBuildPhase;
			buildActionMask = 2147483647;
			files = (
			);
			runOnlyForDeploymentPostprocessing = 0;
		};
/* End PBXFrameworksBuildPhase section */

/* Begin PBXGroup section */
		C51F3F5824EE524800D74925 = {
			isa = PBXGroup;
			children = (
				C51F3F6324EE524800D74925 /* VK_Fedor Maksimov */,
				C51F3F6224EE524800D74925 /* Products */,
			);
			sourceTree = "<group>";
		};
		C51F3F6224EE524800D74925 /* Products */ = {
			isa = PBXGroup;
			children = (
				C51F3F6124EE524800D74925 /* VK_Fedor Maksimov.app */,
			);
			name = Products;
			sourceTree = "<group>";
		};
		C51F3F6324EE524800D74925 /* VK_Fedor Maksimov */ = {
			isa = PBXGroup;
			children = (
				C51F3F6424EE524800D74925 /* AppDelegate.swift */,
				C51F3F7824EECC1E00D74925 /* LoginFromController.swift */,
				C51F3F6624EE524800D74925 /* SceneDelegate.swift */,
				C51F3F6A24EE524800D74925 /* Main.storyboard */,
				C51F3F6D24EE524900D74925 /* Assets.xcassets */,
				C51F3F6F24EE524900D74925 /* LaunchScreen.storyboard */,
				C51F3F7224EE524900D74925 /* Info.plist */,
			);
			path = "VK_Fedor Maksimov";
			sourceTree = "<group>";
		};
/* End PBXGroup section */

/* Begin PBXNativeTarget section */
		C51F3F6024EE524800D74925 /* VK_Fedor Maksimov */ = {
			isa = PBXNativeTarget;
			buildConfigurationList = C51F3F7524EE524900D74925 /* Build configuration list for PBXNativeTarget "VK_Fedor Maksimov" */;
			buildPhases = (
				C51F3F5D24EE524800D74925 /* Sources */,
				C51F3F5E24EE524800D74925 /* Frameworks */,
				C51F3F5F24EE524800D74925 /* Resources */,
			);
			buildRules = (
			);
			dependencies = (
			);
			name = "VK_Fedor Maksimov";
			productName = "VK_Fedor Maksimov";
			productReference = C51F3F6124EE524800D74925 /* VK_Fedor Maksimov.app */;
			productType = "com.apple.product-type.application";
		};
/* End PBXNativeTarget section */

/* Begin PBXProject section */
		C51F3F5924EE524800D74925 /* Project object */ = {
			isa = PBXProject;
			attributes = {
				LastSwiftUpdateCheck = 1160;
				LastUpgradeCheck = 1160;
				ORGANIZATIONNAME = "Fedor Maksimov";
				TargetAttributes = {
					C51F3F6024EE524800D74925 = {
						CreatedOnToolsVersion = 11.6;
					};
				};
			};
			buildConfigurationList = C51F3F5C24EE524800D74925 /* Build configuration list for PBXProject "VK_Fedor Maksimov" */;
			compatibilityVersion = "Xcode 9.3";
			developmentRegion = en;
			hasScannedForEncodings = 0;
			knownRegions = (
				en,
				Base,
			);
			mainGroup = C51F3F5824EE524800D74925;
			productRefGroup = C51F3F6224EE524800D74925 /* Products */;
			projectDirPath = "";
			projectRoot = "";
			targets = (
				C51F3F6024EE524800D74925 /* VK_Fedor Maksimov */,
			);
		};
/* End PBXProject section */

/* Begin PBXResourcesBuildPhase section */
		C51F3F5F24EE524800D74925 /* Resources */ = {
			isa = PBXResourcesBuildPhase;
			buildActionMask = 2147483647;
			files = (
				C51F3F7124EE524900D74925 /* LaunchScreen.storyboard in Resources */,
				C51F3F6E24EE524900D74925 /* Assets.xcassets in Resources */,
				C51F3F6C24EE524800D74925 /* Main.storyboard in Resources */,
			);
			runOnlyForDeploymentPostprocessing = 0;
		};
/* End PBXResourcesBuildPhase section */

/* Begin PBXSourcesBuildPhase section */
		C51F3F5D24EE524800D74925 /* Sources */ = {
			isa = PBXSourcesBuildPhase;
			buildActionMask = 2147483647;
			files = (
				C51F3F6524EE524800D74925 /* AppDelegate.swift in Sources */,
				C51F3F7924EECC1E00D74925 /* LoginFromController.swift in Sources */,
				C51F3F6724EE524800D74925 /* SceneDelegate.swift in Sources */,
			);
			runOnlyForDeploymentPostprocessing = 0;
		};
/* End PBXSourcesBuildPhase section */

/* Begin PBXVariantGroup section */
		C51F3F6A24EE524800D74925 /* Main.storyboard */ = {
			isa = PBXVariantGroup;
			children = (
				C51F3F6B24EE524800D74925 /* Base */,
			);
			name = Main.storyboard;
			sourceTree = "<group>";
		};
		C51F3F6F24EE524900D74925 /* LaunchScreen.storyboard */ = {
			isa = PBXVariantGroup;
			children = (
				C51F3F7024EE524900D74925 /* Base */,
			);
			name = LaunchScreen.storyboard;
			sourceTree = "<group>";
		};
/* End PBXVariantGroup section */

/* Begin XCBuildConfiguration section */
		C51F3F7324EE524900D74925 /* Debug */ = {
			isa = XCBuildConfiguration;
			buildSettings = {
				ALWAYS_SEARCH_USER_PATHS = NO;
				CLANG_ANALYZER_NONNULL = YES;
				CLANG_ANALYZER_NUMBER_OBJECT_CONVERSION = YES_AGGRESSIVE;
				CLANG_CXX_LANGUAGE_STANDARD = "gnu++14";
				CLANG_CXX_LIBRARY = "libc++";
				CLANG_ENABLE_MODULES = YES;
				CLANG_ENABLE_OBJC_ARC = YES;
				CLANG_ENABLE_OBJC_WEAK = YES;
				CLANG_WARN_BLOCK_CAPTURE_AUTORELEASING = YES;
				CLANG_WARN_BOOL_CONVERSION = YES;
				CLANG_WARN_COMMA = YES;
				CLANG_WARN_CONSTANT_CONVERSION = YES;
				CLANG_WARN_DEPRECATED_OBJC_IMPLEMENTATIONS = YES;
				CLANG_WARN_DIRECT_OBJC_ISA_USAGE = YES_ERROR;
				CLANG_WARN_DOCUMENTATION_COMMENTS = YES;
				CLANG_WARN_EMPTY_BODY = YES;
				CLANG_WARN_ENUM_CONVERSION = YES;
				CLANG_WARN_INFINITE_RECURSION = YES;
				CLANG_WARN_INT_CONVERSION = YES;
				CLANG_WARN_NON_LITERAL_NULL_CONVERSION = YES;
				CLANG_WARN_OBJC_IMPLICIT_RETAIN_SELF = YES;
				CLANG_WARN_OBJC_LITERAL_CONVERSION = YES;
				CLANG_WARN_OBJC_ROOT_CLASS = YES_ERROR;
				CLANG_WARN_RANGE_LOOP_ANALYSIS = YES;
				CLANG_WARN_STRICT_PROTOTYPES = YES;
				CLANG_WARN_SUSPICIOUS_MOVE = YES;
				CLANG_WARN_UNGUARDED_AVAILABILITY = YES_AGGRESSIVE;
				CLANG_WARN_UNREACHABLE_CODE = YES;
				CLANG_WARN__DUPLICATE_METHOD_MATCH = YES;
				COPY_PHASE_STRIP = NO;
				DEBUG_INFORMATION_FORMAT = dwarf;
				ENABLE_STRICT_OBJC_MSGSEND = YES;
				ENABLE_TESTABILITY = YES;
				GCC_C_LANGUAGE_STANDARD = gnu11;
				GCC_DYNAMIC_NO_PIC = NO;
				GCC_NO_COMMON_BLOCKS = YES;
				GCC_OPTIMIZATION_LEVEL = 0;
				GCC_PREPROCESSOR_DEFINITIONS = (
					"DEBUG=1",
					"$(inherited)",
				);
				GCC_WARN_64_TO_32_BIT_CONVERSION = YES;
				GCC_WARN_ABOUT_RETURN_TYPE = YES_ERROR;
				GCC_WARN_UNDECLARED_SELECTOR = YES;
				GCC_WARN_UNINITIALIZED_AUTOS = YES_AGGRESSIVE;
				GCC_WARN_UNUSED_FUNCTION = YES;
				GCC_WARN_UNUSED_VARIABLE = YES;
				IPHONEOS_DEPLOYMENT_TARGET = 13.6;
				MTL_ENABLE_DEBUG_INFO = INCLUDE_SOURCE;
				MTL_FAST_MATH = YES;
				ONLY_ACTIVE_ARCH = YES;
				SDKROOT = iphoneos;
				SWIFT_ACTIVE_COMPILATION_CONDITIONS = DEBUG;
				SWIFT_OPTIMIZATION_LEVEL = "-Onone";
			};
			name = Debug;
		};
		C51F3F7424EE524900D74925 /* Release */ = {
			isa = XCBuildConfiguration;
			buildSettings = {
				ALWAYS_SEARCH_USER_PATHS = NO;
				CLANG_ANALYZER_NONNULL = YES;
				CLANG_ANALYZER_NUMBER_OBJECT_CONVERSION = YES_AGGRESSIVE;
				CLANG_CXX_LANGUAGE_STANDARD = "gnu++14";
				CLANG_CXX_LIBRARY = "libc++";
				CLANG_ENABLE_MODULES = YES;
				CLANG_ENABLE_OBJC_ARC = YES;
				CLANG_ENABLE_OBJC_WEAK = YES;
				CLANG_WARN_BLOCK_CAPTURE_AUTORELEASING = YES;
				CLANG_WARN_BOOL_CONVERSION = YES;
				CLANG_WARN_COMMA = YES;
				CLANG_WARN_CONSTANT_CONVERSION = YES;
				CLANG_WARN_DEPRECATED_OBJC_IMPLEMENTATIONS = YES;
				CLANG_WARN_DIRECT_OBJC_ISA_USAGE = YES_ERROR;
				CLANG_WARN_DOCUMENTATION_COMMENTS = YES;
				CLANG_WARN_EMPTY_BODY = YES;
				CLANG_WARN_ENUM_CONVERSION = YES;
				CLANG_WARN_INFINITE_RECURSION = YES;
				CLANG_WARN_INT_CONVERSION = YES;
				CLANG_WARN_NON_LITERAL_NULL_CONVERSION = YES;
				CLANG_WARN_OBJC_IMPLICIT_RETAIN_SELF = YES;
				CLANG_WARN_OBJC_LITERAL_CONVERSION = YES;
				CLANG_WARN_OBJC_ROOT_CLASS = YES_ERROR;
				CLANG_WARN_RANGE_LOOP_ANALYSIS = YES;
				CLANG_WARN_STRICT_PROTOTYPES = YES;
				CLANG_WARN_SUSPICIOUS_MOVE = YES;
				CLANG_WARN_UNGUARDED_AVAILABILITY = YES_AGGRESSIVE;
				CLANG_WARN_UNREACHABLE_CODE = YES;
				CLANG_WARN__DUPLICATE_METHOD_MATCH = YES;
				COPY_PHASE_STRIP = NO;
				DEBUG_INFORMATION_FORMAT = "dwarf-with-dsym";
				ENABLE_NS_ASSERTIONS = NO;
				ENABLE_STRICT_OBJC_MSGSEND = YES;
				GCC_C_LANGUAGE_STANDARD = gnu11;
				GCC_NO_COMMON_BLOCKS = YES;
				GCC_WARN_64_TO_32_BIT_CONVERSION = YES;
				GCC_WARN_ABOUT_RETURN_TYPE = YES_ERROR;
				GCC_WARN_UNDECLARED_SELECTOR = YES;
				GCC_WARN_UNINITIALIZED_AUTOS = YES_AGGRESSIVE;
				GCC_WARN_UNUSED_FUNCTION = YES;
				GCC_WARN_UNUSED_VARIABLE = YES;
				IPHONEOS_DEPLOYMENT_TARGET = 13.6;
				MTL_ENABLE_DEBUG_INFO = NO;
				MTL_FAST_MATH = YES;
				SDKROOT = iphoneos;
				SWIFT_COMPILATION_MODE = wholemodule;
				SWIFT_OPTIMIZATION_LEVEL = "-O";
				VALIDATE_PRODUCT = YES;
			};
			name = Release;
		};
		C51F3F7624EE524900D74925 /* Debug */ = {
			isa = XCBuildConfiguration;
			buildSettings = {
				ASSETCATALOG_COMPILER_APPICON_NAME = AppIcon;
				CODE_SIGN_STYLE = Automatic;
				INFOPLIST_FILE = "VK_Fedor Maksimov/Info.plist";
				LD_RUNPATH_SEARCH_PATHS = (
					"$(inherited)",
					"@executable_path/Frameworks",
				);
				PRODUCT_BUNDLE_IDENTIFIER = "Home.VK-Fedor-Maksimov";
				PRODUCT_NAME = "$(TARGET_NAME)";
				SWIFT_VERSION = 5.0;
				TARGETED_DEVICE_FAMILY = "1,2";
			};
			name = Debug;
		};
		C51F3F7724EE524900D74925 /* Release */ = {
			isa = XCBuildConfiguration;
			buildSettings = {
				ASSETCATALOG_COMPILER_APPICON_NAME = AppIcon;
				CODE_SIGN_STYLE = Automatic;
				INFOPLIST_FILE = "VK_Fedor Maksimov/Info.plist";
				LD_RUNPATH_SEARCH_PATHS = (
					"$(inherited)",
					"@executable_path/Frameworks",
				);
				PRODUCT_BUNDLE_IDENTIFIER = "Home.VK-Fedor-Maksimov";
				PRODUCT_NAME = "$(TARGET_NAME)";
				SWIFT_VERSION = 5.0;
				TARGETED_DEVICE_FAMILY = "1,2";
			};
			name = Release;
		};
/* End XCBuildConfiguration section */

/* Begin XCConfigurationList section */
		C51F3F5C24EE524800D74925 /* Build configuration list for PBXProject "VK_Fedor Maksimov" */ = {
			isa = XCConfigurationList;
			buildConfigurations = (
				C51F3F7324EE524900D74925 /* Debug */,
				C51F3F7424EE524900D74925 /* Release */,
			);
			defaultConfigurationIsVisible = 0;
			defaultConfigurationName = Release;
		};
		C51F3F7524EE524900D74925 /* Build configuration list for PBXNativeTarget "VK_Fedor Maksimov" */ = {
			isa = XCConfigurationList;
			buildConfigurations = (
				C51F3F7624EE524900D74925 /* Debug */,
				C51F3F7724EE524900D74925 /* Release */,
			);
			defaultConfigurationIsVisible = 0;
			defaultConfigurationName = Release;
		};
/* End XCConfigurationList section */
	};
	rootObject = C51F3F5924EE524800D74925 /* Project object */;
}
